
Microsoft Visual Studio Solution File, Format Version 12.00
# Visual Studio 2012
Project("{FAE04EC0-301F-11D3-BF4B-00C04F79EFBC}") = "Employees", "Employee\Employees.csproj", "{92764CEC-BEDD-4AF9-9A40-50411F2BB4E8}"
EndProject
Project("{FAE04EC0-301F-11D3-BF4B-00C04F79EFBC}") = "Employees.Personally", "Employee.Personally\Employees.Personally.csproj", "{ABFADAC0-8636-4756-AA3D-E605E1293420}"
EndProject
Project("{FAE04EC0-301F-11D3-BF4B-00C04F79EFBC}") = "Employees.Shared", "Employee.Shared\Employees.Shared.csproj", "{504FABE0-70F1-438E-AD5C-A9548FEDD897}"
EndProject
Project("{FAE04EC0-301F-11D3-BF4B-00C04F79EFBC}") = "Employees.DAL", "Employees.DAL\Employees.DAL.csproj", "{A29BA34C-9761-4D9F-A899-9AD9F4878F52}"
EndProject
Project("{FAE04EC0-301F-11D3-BF4B-00C04F79EFBC}") = "Employees.Administration", "Employees.Administration\Employees.Administration.csproj", "{01F09147-46AE-4FA7-A8C9-1D4D63DACA79}"
EndProject
Global
	GlobalSection(SolutionConfigurationPlatforms) = preSolution
		Debug|Any CPU = Debug|Any CPU
		Develop|Any CPU = Develop|Any CPU
		Release|Any CPU = Release|Any CPU
	EndGlobalSection
	GlobalSection(ProjectConfigurationPlatforms) = postSolution
		{92764CEC-BEDD-4AF9-9A40-50411F2BB4E8}.Debug|Any CPU.ActiveCfg = Debug|Any CPU
		{92764CEC-BEDD-4AF9-9A40-50411F2BB4E8}.Debug|Any CPU.Build.0 = Debug|Any CPU
		{92764CEC-BEDD-4AF9-9A40-50411F2BB4E8}.Develop|Any CPU.ActiveCfg = Develop|Any CPU
		{92764CEC-BEDD-4AF9-9A40-50411F2BB4E8}.Develop|Any CPU.Build.0 = Develop|Any CPU
		{92764CEC-BEDD-4AF9-9A40-50411F2BB4E8}.Release|Any CPU.ActiveCfg = Release|Any CPU
		{92764CEC-BEDD-4AF9-9A40-50411F2BB4E8}.Release|Any CPU.Build.0 = Release|Any CPU
		{ABFADAC0-8636-4756-AA3D-E605E1293420}.Debug|Any CPU.ActiveCfg = Debug|Any CPU
		{ABFADAC0-8636-4756-AA3D-E605E1293420}.Debug|Any CPU.Build.0 = Debug|Any CPU
		{ABFADAC0-8636-4756-AA3D-E605E1293420}.Develop|Any CPU.ActiveCfg = Develop|Any CPU
		{ABFADAC0-8636-4756-AA3D-E605E1293420}.Develop|Any CPU.Build.0 = Develop|Any CPU
		{ABFADAC0-8636-4756-AA3D-E605E1293420}.Release|Any CPU.ActiveCfg = Release|Any CPU
		{ABFADAC0-8636-4756-AA3D-E605E1293420}.Release|Any CPU.Build.0 = Release|Any CPU
		{504FABE0-70F1-438E-AD5C-A9548FEDD897}.Debug|Any CPU.ActiveCfg = Debug|Any CPU
		{504FABE0-70F1-438E-AD5C-A9548FEDD897}.Debug|Any CPU.Build.0 = Debug|Any CPU
		{504FABE0-70F1-438E-AD5C-A9548FEDD897}.Develop|Any CPU.ActiveCfg = Develop|Any CPU
		{504FABE0-70F1-438E-AD5C-A9548FEDD897}.Develop|Any CPU.Build.0 = Develop|Any CPU
		{504FABE0-70F1-438E-AD5C-A9548FEDD897}.Release|Any CPU.ActiveCfg = Release|Any CPU
		{504FABE0-70F1-438E-AD5C-A9548FEDD897}.Release|Any CPU.Build.0 = Release|Any CPU
		{A29BA34C-9761-4D9F-A899-9AD9F4878F52}.Debug|Any CPU.ActiveCfg = Debug|Any CPU
		{A29BA34C-9761-4D9F-A899-9AD9F4878F52}.Debug|Any CPU.Build.0 = Debug|Any CPU
		{A29BA34C-9761-4D9F-A899-9AD9F4878F52}.Develop|Any CPU.ActiveCfg = Develop|Any CPU
		{A29BA34C-9761-4D9F-A899-9AD9F4878F52}.Develop|Any CPU.Build.0 = Develop|Any CPU
		{A29BA34C-9761-4D9F-A899-9AD9F4878F52}.Release|Any CPU.ActiveCfg = Release|Any CPU
		{A29BA34C-9761-4D9F-A899-9AD9F4878F52}.Release|Any CPU.Build.0 = Release|Any CPU
		{01F09147-46AE-4FA7-A8C9-1D4D63DACA79}.Debug|Any CPU.ActiveCfg = Debug|Any CPU
		{01F09147-46AE-4FA7-A8C9-1D4D63DACA79}.Debug|Any CPU.Build.0 = Debug|Any CPU
		{01F09147-46AE-4FA7-A8C9-1D4D63DACA79}.Develop|Any CPU.ActiveCfg = Develop|Any CPU
		{01F09147-46AE-4FA7-A8C9-1D4D63DACA79}.Develop|Any CPU.Build.0 = Develop|Any CPU
		{01F09147-46AE-4FA7-A8C9-1D4D63DACA79}.Release|Any CPU.ActiveCfg = Release|Any CPU
		{01F09147-46AE-4FA7-A8C9-1D4D63DACA79}.Release|Any CPU.Build.0 = Release|Any CPU
	EndGlobalSection
	GlobalSection(SolutionProperties) = preSolution
		HideSolutionNode = FALSE
	EndGlobalSection
EndGlobal
